
Microsoft Visual Studio Solution File, Format Version 12.00
# Visual Studio Version 17
VisualStudioVersion = 17.4.32804.182
MinimumVisualStudioVersion = 10.0.40219.1
Project("{2150E333-8FDC-42A3-9474-1A3956D46DE8}") = "back-end", "back-end", "{A3D7C469-57EB-4673-A5F1-2253BB86BB27}"
	ProjectSection(SolutionItems) = preProject
		back-end\README.md = back-end\README.md
	EndProjectSection
EndProject
Project("{2150E333-8FDC-42A3-9474-1A3956D46DE8}") = "frond-end", "frond-end", "{F00D4BA7-60AD-4A94-AA1B-36D6915BE449}"
	ProjectSection(SolutionItems) = preProject
		front-end\README.md = front-end\README.md
	EndProjectSection
EndProject
Project("{2150E333-8FDC-42A3-9474-1A3956D46DE8}") = "mobile-apps", "mobile-apps", "{408E76F7-6C4A-4D3D-916A-BF6E1F714D2F}"
	ProjectSection(SolutionItems) = preProject
		mobile-apps\README.md = mobile-apps\README.md
	EndProjectSection
EndProject
Project("{FAE04EC0-301F-11D3-BF4B-00C04F79EFBC}") = "CoinGardenWorld.Web", "back-end\CoinGardenWorld.Web\CoinGardenWorld.Web.csproj", "{682FFEE4-1B1B-43B7-9401-DB34021DB9B7}"
EndProject
Global
	GlobalSection(SolutionConfigurationPlatforms) = preSolution
		Debug|Any CPU = Debug|Any CPU
		Release|Any CPU = Release|Any CPU
	EndGlobalSection
	GlobalSection(ProjectConfigurationPlatforms) = postSolution
		{682FFEE4-1B1B-43B7-9401-DB34021DB9B7}.Debug|Any CPU.ActiveCfg = Debug|Any CPU
		{682FFEE4-1B1B-43B7-9401-DB34021DB9B7}.Debug|Any CPU.Build.0 = Debug|Any CPU
		{682FFEE4-1B1B-43B7-9401-DB34021DB9B7}.Release|Any CPU.ActiveCfg = Release|Any CPU
		{682FFEE4-1B1B-43B7-9401-DB34021DB9B7}.Release|Any CPU.Build.0 = Release|Any CPU
	EndGlobalSection
	GlobalSection(SolutionProperties) = preSolution
		HideSolutionNode = FALSE
	EndGlobalSection
	GlobalSection(NestedProjects) = preSolution
		{682FFEE4-1B1B-43B7-9401-DB34021DB9B7} = {F00D4BA7-60AD-4A94-AA1B-36D6915BE449}
	EndGlobalSection
	GlobalSection(ExtensibilityGlobals) = postSolution
		SolutionGuid = {890F574E-0420-4F79-8773-9BE66EEDDFAA}
	EndGlobalSection
EndGlobal
