
Microsoft Visual Studio Solution File, Format Version 12.00
# Visual Studio Version 17
VisualStudioVersion = 17.4.32804.182
MinimumVisualStudioVersion = 10.0.40219.1
Project("{2150E333-8FDC-42A3-9474-1A3956D46DE8}") = "back-end", "back-end", "{A3D7C469-57EB-4673-A5F1-2253BB86BB27}"
	ProjectSection(SolutionItems) = preProject
		back-end\README.md = back-end\README.md
	EndProjectSection
EndProject
Project("{2150E333-8FDC-42A3-9474-1A3956D46DE8}") = "landing-page", "landing-page", "{F00D4BA7-60AD-4A94-AA1B-36D6915BE449}"
	ProjectSection(SolutionItems) = preProject
		landing-page\README.md = landing-page\README.md
	EndProjectSection
EndProject
Project("{2150E333-8FDC-42A3-9474-1A3956D46DE8}") = "mobile-apps", "mobile-apps", "{408E76F7-6C4A-4D3D-916A-BF6E1F714D2F}"
	ProjectSection(SolutionItems) = preProject
		mobile-apps\README.md = mobile-apps\README.md
	EndProjectSection
EndProject
Project("{9A19103F-16F7-4668-BE54-9A1E7A4F7556}") = "CoinGardenWorld.Web", "landing-page\CoinGardenWorld.Web\CoinGardenWorld.Web.csproj", "{682FFEE4-1B1B-43B7-9401-DB34021DB9B7}"
EndProject
Project("{9A19103F-16F7-4668-BE54-9A1E7A4F7556}") = "CoinGardenWorld.LandingPage.Grpc", "back-end\CoinGardenWorld.LandingPage.Grpc\CoinGardenWorld.LandingPage.Grpc.csproj", "{6A029C8F-A2B3-4225-86E0-F10A2C7745CC}"
EndProject
Project("{E53339B2-1760-4266-BCC7-CA923CBCF16C}") = "docker-compose", "docker-compose.dcproj", "{6802AA54-D474-4FC1-B08E-4C1E6268D232}"
EndProject
Project("{2150E333-8FDC-42A3-9474-1A3956D46DE8}") = "nft-market", "nft-market", "{EB829146-E811-445E-B578-CA874F0A917E}"
	ProjectSection(SolutionItems) = preProject
		nft-market\README.md = nft-market\README.md
	EndProjectSection
EndProject
Project("{9A19103F-16F7-4668-BE54-9A1E7A4F7556}") = "CoinGardenWorld.NftMarket", "nft-market\CoinGardenWorld.NftMarket\CoinGardenWorld.NftMarket.csproj", "{2B3FB866-E110-4D12-8744-829973EBED1D}"
EndProject
Project("{9A19103F-16F7-4668-BE54-9A1E7A4F7556}") = "CoinGardenWorld.Maui", "mobile-apps\CoinGardenWorld.Maui\CoinGardenWorld.Maui.csproj", "{9F16527C-F2E6-4F25-B77D-9D79EA1F6AEA}"
EndProject
Project("{9A19103F-16F7-4668-BE54-9A1E7A4F7556}") = "CoinGardenWorld.MobileApps.Grpc", "back-end\CoinGardenWorld.MobileApps.Grpc\CoinGardenWorld.MobileApps.Grpc.csproj", "{099B1FAE-9271-48DB-9502-0554647252A9}"
EndProject
Project("{9A19103F-16F7-4668-BE54-9A1E7A4F7556}") = "CoinGardenWorld.Pwa", "mobile-apps\CoinGardenWorld.Pwa\CoinGardenWorld.Pwa.csproj", "{488F837C-3699-4594-8739-20982B02B26D}"
EndProject
Project("{9A19103F-16F7-4668-BE54-9A1E7A4F7556}") = "CoinGardenWorld.Mobile.Theme", "frond-end\CoinGardenWorld.MobileTheme\CoinGardenWorld.Mobile.Theme.csproj", "{47A818E8-FD6C-4921-A5BE-B42523ECC051}"
EndProject
Project("{2150E333-8FDC-42A3-9474-1A3956D46DE8}") = "frond-end", "frond-end", "{C69B32EF-091A-4042-8DAF-59FA9B4EFB5D}"
EndProject
Project("{9A19103F-16F7-4668-BE54-9A1E7A4F7556}") = "CoinGardenWorld.Store.AzureFunctionApi", "back-end\CoinGardenWorld.Store.AzureFunctionApi\CoinGardenWorld.Store.AzureFunctionApi.csproj", "{E176EEC8-25AE-47F2-9843-79709BCA86CF}"
EndProject
Project("{9A19103F-16F7-4668-BE54-9A1E7A4F7556}") = "CoinGardenWorld.NftMarket.Theme", "frond-end\CoinGardenWorld.NftMarket.Theme\CoinGardenWorld.NftMarket.Theme.csproj", "{12CED5EA-C861-415F-9CA5-9DD0948040AB}"
EndProject
Project("{2150E333-8FDC-42A3-9474-1A3956D46DE8}") = "charity-page", "charity-page", "{D394F686-F6B9-4766-A3EB-2EB5A22C212E}"
EndProject
Project("{2150E333-8FDC-42A3-9474-1A3956D46DE8}") = "metaverse", "metaverse", "{727AF344-8BBE-43E9-B6C4-A6628734C992}"
EndProject
Project("{9A19103F-16F7-4668-BE54-9A1E7A4F7556}") = "CoinGardenWorld.Charity.Web", "charity-page\CoinGardenWorld.Charity.Web\CoinGardenWorld.Charity.Web.csproj", "{F718F423-DB19-4084-ADBD-40921C48A093}"
EndProject
Project("{9A19103F-16F7-4668-BE54-9A1E7A4F7556}") = "CoinGardenWorld.Maintenance.Theme", "frond-end\CoinGardenWorld.Maintenance.Theme\CoinGardenWorld.Maintenance.Theme.csproj", "{5338D3A2-133A-44D4-95FC-A2688F3E5225}"
EndProject
Project("{FAE04EC0-301F-11D3-BF4B-00C04F79EFBC}") = "CoinGardenWorld.Metaverse.Web", "metaverse\CoinGardenWorld.Metaverse.Web\CoinGardenWorld.Metaverse.Web.csproj", "{76721AAA-A67E-4E6E-9B9F-920125FB2E4D}"
EndProject
Project("{2150E333-8FDC-42A3-9474-1A3956D46DE8}") = "exchange", "exchange", "{1B97F43E-D57B-4E0E-9943-762B5206CA4F}"
EndProject
Project("{FAE04EC0-301F-11D3-BF4B-00C04F79EFBC}") = "CoinGardenWorld.Exchange.Web", "exchange\CoinGardenWorld.Exchange.Web\CoinGardenWorld.Exchange.Web.csproj", "{9AF19581-7BF6-4904-A43D-5EAB794EC704}"
EndProject
Global
	GlobalSection(SolutionConfigurationPlatforms) = preSolution
		Debug|Any CPU = Debug|Any CPU
		Release|Any CPU = Release|Any CPU
	EndGlobalSection
	GlobalSection(ProjectConfigurationPlatforms) = postSolution
		{682FFEE4-1B1B-43B7-9401-DB34021DB9B7}.Debug|Any CPU.ActiveCfg = Debug|Any CPU
		{682FFEE4-1B1B-43B7-9401-DB34021DB9B7}.Debug|Any CPU.Build.0 = Debug|Any CPU
		{682FFEE4-1B1B-43B7-9401-DB34021DB9B7}.Release|Any CPU.ActiveCfg = Release|Any CPU
		{682FFEE4-1B1B-43B7-9401-DB34021DB9B7}.Release|Any CPU.Build.0 = Release|Any CPU
		{6A029C8F-A2B3-4225-86E0-F10A2C7745CC}.Debug|Any CPU.ActiveCfg = Debug|Any CPU
		{6A029C8F-A2B3-4225-86E0-F10A2C7745CC}.Debug|Any CPU.Build.0 = Debug|Any CPU
		{6A029C8F-A2B3-4225-86E0-F10A2C7745CC}.Release|Any CPU.ActiveCfg = Release|Any CPU
		{6A029C8F-A2B3-4225-86E0-F10A2C7745CC}.Release|Any CPU.Build.0 = Release|Any CPU
		{6802AA54-D474-4FC1-B08E-4C1E6268D232}.Debug|Any CPU.ActiveCfg = Debug|Any CPU
		{6802AA54-D474-4FC1-B08E-4C1E6268D232}.Debug|Any CPU.Build.0 = Debug|Any CPU
		{6802AA54-D474-4FC1-B08E-4C1E6268D232}.Release|Any CPU.ActiveCfg = Release|Any CPU
		{6802AA54-D474-4FC1-B08E-4C1E6268D232}.Release|Any CPU.Build.0 = Release|Any CPU
		{2B3FB866-E110-4D12-8744-829973EBED1D}.Debug|Any CPU.ActiveCfg = Debug|Any CPU
		{2B3FB866-E110-4D12-8744-829973EBED1D}.Debug|Any CPU.Build.0 = Debug|Any CPU
		{2B3FB866-E110-4D12-8744-829973EBED1D}.Release|Any CPU.ActiveCfg = Release|Any CPU
		{2B3FB866-E110-4D12-8744-829973EBED1D}.Release|Any CPU.Build.0 = Release|Any CPU
		{9F16527C-F2E6-4F25-B77D-9D79EA1F6AEA}.Debug|Any CPU.ActiveCfg = Debug|Any CPU
		{9F16527C-F2E6-4F25-B77D-9D79EA1F6AEA}.Debug|Any CPU.Build.0 = Debug|Any CPU
		{9F16527C-F2E6-4F25-B77D-9D79EA1F6AEA}.Debug|Any CPU.Deploy.0 = Debug|Any CPU
		{9F16527C-F2E6-4F25-B77D-9D79EA1F6AEA}.Release|Any CPU.ActiveCfg = Release|Any CPU
		{9F16527C-F2E6-4F25-B77D-9D79EA1F6AEA}.Release|Any CPU.Build.0 = Release|Any CPU
		{9F16527C-F2E6-4F25-B77D-9D79EA1F6AEA}.Release|Any CPU.Deploy.0 = Release|Any CPU
		{099B1FAE-9271-48DB-9502-0554647252A9}.Debug|Any CPU.ActiveCfg = Debug|Any CPU
		{099B1FAE-9271-48DB-9502-0554647252A9}.Debug|Any CPU.Build.0 = Debug|Any CPU
		{099B1FAE-9271-48DB-9502-0554647252A9}.Release|Any CPU.ActiveCfg = Release|Any CPU
		{099B1FAE-9271-48DB-9502-0554647252A9}.Release|Any CPU.Build.0 = Release|Any CPU
		{488F837C-3699-4594-8739-20982B02B26D}.Debug|Any CPU.ActiveCfg = Debug|Any CPU
		{488F837C-3699-4594-8739-20982B02B26D}.Debug|Any CPU.Build.0 = Debug|Any CPU
		{488F837C-3699-4594-8739-20982B02B26D}.Release|Any CPU.ActiveCfg = Release|Any CPU
		{488F837C-3699-4594-8739-20982B02B26D}.Release|Any CPU.Build.0 = Release|Any CPU
		{47A818E8-FD6C-4921-A5BE-B42523ECC051}.Debug|Any CPU.ActiveCfg = Debug|Any CPU
		{47A818E8-FD6C-4921-A5BE-B42523ECC051}.Debug|Any CPU.Build.0 = Debug|Any CPU
		{47A818E8-FD6C-4921-A5BE-B42523ECC051}.Release|Any CPU.ActiveCfg = Release|Any CPU
		{47A818E8-FD6C-4921-A5BE-B42523ECC051}.Release|Any CPU.Build.0 = Release|Any CPU
		{E176EEC8-25AE-47F2-9843-79709BCA86CF}.Debug|Any CPU.ActiveCfg = Debug|Any CPU
		{E176EEC8-25AE-47F2-9843-79709BCA86CF}.Debug|Any CPU.Build.0 = Debug|Any CPU
		{E176EEC8-25AE-47F2-9843-79709BCA86CF}.Release|Any CPU.ActiveCfg = Release|Any CPU
		{E176EEC8-25AE-47F2-9843-79709BCA86CF}.Release|Any CPU.Build.0 = Release|Any CPU
		{12CED5EA-C861-415F-9CA5-9DD0948040AB}.Debug|Any CPU.ActiveCfg = Debug|Any CPU
		{12CED5EA-C861-415F-9CA5-9DD0948040AB}.Debug|Any CPU.Build.0 = Debug|Any CPU
		{12CED5EA-C861-415F-9CA5-9DD0948040AB}.Release|Any CPU.ActiveCfg = Release|Any CPU
		{12CED5EA-C861-415F-9CA5-9DD0948040AB}.Release|Any CPU.Build.0 = Release|Any CPU
		{F718F423-DB19-4084-ADBD-40921C48A093}.Debug|Any CPU.ActiveCfg = Debug|Any CPU
		{F718F423-DB19-4084-ADBD-40921C48A093}.Debug|Any CPU.Build.0 = Debug|Any CPU
		{F718F423-DB19-4084-ADBD-40921C48A093}.Release|Any CPU.ActiveCfg = Release|Any CPU
		{F718F423-DB19-4084-ADBD-40921C48A093}.Release|Any CPU.Build.0 = Release|Any CPU
		{5338D3A2-133A-44D4-95FC-A2688F3E5225}.Debug|Any CPU.ActiveCfg = Debug|Any CPU
		{5338D3A2-133A-44D4-95FC-A2688F3E5225}.Debug|Any CPU.Build.0 = Debug|Any CPU
		{5338D3A2-133A-44D4-95FC-A2688F3E5225}.Release|Any CPU.ActiveCfg = Release|Any CPU
		{5338D3A2-133A-44D4-95FC-A2688F3E5225}.Release|Any CPU.Build.0 = Release|Any CPU
		{76721AAA-A67E-4E6E-9B9F-920125FB2E4D}.Debug|Any CPU.ActiveCfg = Debug|Any CPU
		{76721AAA-A67E-4E6E-9B9F-920125FB2E4D}.Debug|Any CPU.Build.0 = Debug|Any CPU
		{76721AAA-A67E-4E6E-9B9F-920125FB2E4D}.Release|Any CPU.ActiveCfg = Release|Any CPU
		{76721AAA-A67E-4E6E-9B9F-920125FB2E4D}.Release|Any CPU.Build.0 = Release|Any CPU
		{9AF19581-7BF6-4904-A43D-5EAB794EC704}.Debug|Any CPU.ActiveCfg = Debug|Any CPU
		{9AF19581-7BF6-4904-A43D-5EAB794EC704}.Debug|Any CPU.Build.0 = Debug|Any CPU
		{9AF19581-7BF6-4904-A43D-5EAB794EC704}.Release|Any CPU.ActiveCfg = Release|Any CPU
		{9AF19581-7BF6-4904-A43D-5EAB794EC704}.Release|Any CPU.Build.0 = Release|Any CPU
	EndGlobalSection
	GlobalSection(SolutionProperties) = preSolution
		HideSolutionNode = FALSE
	EndGlobalSection
	GlobalSection(NestedProjects) = preSolution
		{682FFEE4-1B1B-43B7-9401-DB34021DB9B7} = {F00D4BA7-60AD-4A94-AA1B-36D6915BE449}
		{6A029C8F-A2B3-4225-86E0-F10A2C7745CC} = {A3D7C469-57EB-4673-A5F1-2253BB86BB27}
		{2B3FB866-E110-4D12-8744-829973EBED1D} = {EB829146-E811-445E-B578-CA874F0A917E}
		{9F16527C-F2E6-4F25-B77D-9D79EA1F6AEA} = {408E76F7-6C4A-4D3D-916A-BF6E1F714D2F}
		{099B1FAE-9271-48DB-9502-0554647252A9} = {A3D7C469-57EB-4673-A5F1-2253BB86BB27}
		{488F837C-3699-4594-8739-20982B02B26D} = {408E76F7-6C4A-4D3D-916A-BF6E1F714D2F}
		{47A818E8-FD6C-4921-A5BE-B42523ECC051} = {C69B32EF-091A-4042-8DAF-59FA9B4EFB5D}
		{E176EEC8-25AE-47F2-9843-79709BCA86CF} = {A3D7C469-57EB-4673-A5F1-2253BB86BB27}
		{12CED5EA-C861-415F-9CA5-9DD0948040AB} = {C69B32EF-091A-4042-8DAF-59FA9B4EFB5D}
		{F718F423-DB19-4084-ADBD-40921C48A093} = {D394F686-F6B9-4766-A3EB-2EB5A22C212E}
		{5338D3A2-133A-44D4-95FC-A2688F3E5225} = {C69B32EF-091A-4042-8DAF-59FA9B4EFB5D}
		{76721AAA-A67E-4E6E-9B9F-920125FB2E4D} = {727AF344-8BBE-43E9-B6C4-A6628734C992}
		{9AF19581-7BF6-4904-A43D-5EAB794EC704} = {1B97F43E-D57B-4E0E-9943-762B5206CA4F}
	EndGlobalSection
	GlobalSection(ExtensibilityGlobals) = postSolution
		SolutionGuid = {890F574E-0420-4F79-8773-9BE66EEDDFAA}
	EndGlobalSection
EndGlobal
